{
  "name": "pku-hole-toolkit",
  "version": "1.3.0",
  "lockfileVersion": 3,
  "requires": true,
  "packages": {
    "": {
      "name": "pku-hole-toolkit",
      "version": "1.3.0",
      "license": "MIT",
      "workspaces": [
        "apps/*",
        "packages/*"
      ]
    },
    "apps/userscript": {
      "name": "@pku-hole-toolkit/userscript",
      "version": "1.3.0"
    },
    "node_modules/@pku-hole-toolkit/archive-schema": {
      "resolved": "packages/archive-schema",
      "link": true
    },
    "node_modules/@pku-hole-toolkit/userscript": {
      "resolved": "apps/userscript",
      "link": true
    },
    "packages/archive-schema": {
      "name": "@pku-hole-toolkit/archive-schema",
      "version": "2.0.0"
    }
  }
}
